// !$*UTF8*$!
{
	archiveVersion = 1;
	classes = {
	};
	objectVersion = 50;
	objects = {

/* Begin PBXBuildFile section */
		976C21AD9CB1C3D1BEA40916 /* libPods-ZHNNestedTableViewController.a in Frameworks */ = {isa = PBXBuildFile; fileRef = D68C35E32B25DB9F40C442AF /* libPods-ZHNNestedTableViewController.a */; };
		CD23209523AC79F7008D2836 /* AppDelegate.m in Sources */ = {isa = PBXBuildFile; fileRef = CD23209423AC79F7008D2836 /* AppDelegate.m */; };
		CD23209823AC79F7008D2836 /* SceneDelegate.m in Sources */ = {isa = PBXBuildFile; fileRef = CD23209723AC79F7008D2836 /* SceneDelegate.m */; };
		CD23209B23AC79F7008D2836 /* ViewController.m in Sources */ = {isa = PBXBuildFile; fileRef = CD23209A23AC79F7008D2836 /* ViewController.m */; };
		CD23209E23AC79F8008D2836 /* Main.storyboard in Resources */ = {isa = PBXBuildFile; fileRef = CD23209C23AC79F8008D2836 /* Main.storyboard */; };
		CD2320A023AC79FB008D2836 /* Assets.xcassets in Resources */ = {isa = PBXBuildFile; fileRef = CD23209F23AC79FB008D2836 /* Assets.xcassets */; };
		CD2320A323AC79FB008D2836 /* LaunchScreen.storyboard in Resources */ = {isa = PBXBuildFile; fileRef = CD2320A123AC79FB008D2836 /* LaunchScreen.storyboard */; };
		CD2320A623AC79FB008D2836 /* main.m in Sources */ = {isa = PBXBuildFile; fileRef = CD2320A523AC79FB008D2836 /* main.m */; };
		CD2320B023AC79FB008D2836 /* ZHNNestedTableViewControllerTests.m in Sources */ = {isa = PBXBuildFile; fileRef = CD2320AF23AC79FB008D2836 /* ZHNNestedTableViewControllerTests.m */; };
		CD2320BB23AC79FB008D2836 /* ZHNNestedTableViewControllerUITests.m in Sources */ = {isa = PBXBuildFile; fileRef = CD2320BA23AC79FB008D2836 /* ZHNNestedTableViewControllerUITests.m */; };
		CD2320CD23ACAE83008D2836 /* ZHNNestedPageTableViewCell.m in Sources */ = {isa = PBXBuildFile; fileRef = CD2320CC23ACAE83008D2836 /* ZHNNestedPageTableViewCell.m */; };
		CD246BD023B0B998000F0296 /* ZHNNestedPageViewController.m in Sources */ = {isa = PBXBuildFile; fileRef = CD246BCF23B0B998000F0296 /* ZHNNestedPageViewController.m */; };
		CD4368EB23B0C2BC00334AB1 /* DemoTestTableViewCell.m in Sources */ = {isa = PBXBuildFile; fileRef = CD4368EA23B0C2BC00334AB1 /* DemoTestTableViewCell.m */; };
/* End PBXBuildFile section */

/* Begin PBXContainerItemProxy section */
		CD2320AC23AC79FB008D2836 /* PBXContainerItemProxy */ = {
			isa = PBXContainerItemProxy;
			containerPortal = CD23208823AC79F7008D2836 /* Project object */;
			proxyType = 1;
			remoteGlobalIDString = CD23208F23AC79F7008D2836;
			remoteInfo = ZHNNestedTableViewController;
		};
		CD2320B723AC79FB008D2836 /* PBXContainerItemProxy */ = {
			isa = PBXContainerItemProxy;
			containerPortal = CD23208823AC79F7008D2836 /* Project object */;
			proxyType = 1;
			remoteGlobalIDString = CD23208F23AC79F7008D2836;
			remoteInfo = ZHNNestedTableViewController;
		};
/* End PBXContainerItemProxy section */

/* Begin PBXFileReference section */
		6A3A2310129C744ACACAD2B0 /* Pods-ZHNNestedTableViewController.debug.xcconfig */ = {isa = PBXFileReference; includeInIndex = 1; lastKnownFileType = text.xcconfig; name = "Pods-ZHNNestedTableViewController.debug.xcconfig"; path = "Target Support Files/Pods-ZHNNestedTableViewController/Pods-ZHNNestedTableViewController.debug.xcconfig"; sourceTree = "<group>"; };
		CD23209023AC79F7008D2836 /* ZHNNestedTableViewController.app */ = {isa = PBXFileReference; explicitFileType = wrapper.application; includeInIndex = 0; path = ZHNNestedTableViewController.app; sourceTree = BUILT_PRODUCTS_DIR; };
		CD23209323AC79F7008D2836 /* AppDelegate.h */ = {isa = PBXFileReference; lastKnownFileType = sourcecode.c.h; path = AppDelegate.h; sourceTree = "<group>"; };
		CD23209423AC79F7008D2836 /* AppDelegate.m */ = {isa = PBXFileReference; lastKnownFileType = sourcecode.c.objc; path = AppDelegate.m; sourceTree = "<group>"; };
		CD23209623AC79F7008D2836 /* SceneDelegate.h */ = {isa = PBXFileReference; lastKnownFileType = sourcecode.c.h; path = SceneDelegate.h; sourceTree = "<group>"; };
		CD23209723AC79F7008D2836 /* SceneDelegate.m */ = {isa = PBXFileReference; lastKnownFileType = sourcecode.c.objc; path = SceneDelegate.m; sourceTree = "<group>"; };
		CD23209923AC79F7008D2836 /* ViewController.h */ = {isa = PBXFileReference; lastKnownFileType = sourcecode.c.h; path = ViewController.h; sourceTree = "<group>"; };
		CD23209A23AC79F7008D2836 /* ViewController.m */ = {isa = PBXFileReference; lastKnownFileType = sourcecode.c.objc; path = ViewController.m; sourceTree = "<group>"; };
		CD23209D23AC79F8008D2836 /* Base */ = {isa = PBXFileReference; lastKnownFileType = file.storyboard; name = Base; path = Base.lproj/Main.storyboard; sourceTree = "<group>"; };
		CD23209F23AC79FB008D2836 /* Assets.xcassets */ = {isa = PBXFileReference; lastKnownFileType = folder.assetcatalog; path = Assets.xcassets; sourceTree = "<group>"; };
		CD2320A223AC79FB008D2836 /* Base */ = {isa = PBXFileReference; lastKnownFileType = file.storyboard; name = Base; path = Base.lproj/LaunchScreen.storyboard; sourceTree = "<group>"; };
		CD2320A423AC79FB008D2836 /* Info.plist */ = {isa = PBXFileReference; lastKnownFileType = text.plist.xml; path = Info.plist; sourceTree = "<group>"; };
		CD2320A523AC79FB008D2836 /* main.m */ = {isa = PBXFileReference; lastKnownFileType = sourcecode.c.objc; path = main.m; sourceTree = "<group>"; };
		CD2320AB23AC79FB008D2836 /* ZHNNestedTableViewControllerTests.xctest */ = {isa = PBXFileReference; explicitFileType = wrapper.cfbundle; includeInIndex = 0; path = ZHNNestedTableViewControllerTests.xctest; sourceTree = BUILT_PRODUCTS_DIR; };
		CD2320AF23AC79FB008D2836 /* ZHNNestedTableViewControllerTests.m */ = {isa = PBXFileReference; lastKnownFileType = sourcecode.c.objc; path = ZHNNestedTableViewControllerTests.m; sourceTree = "<group>"; };
		CD2320B123AC79FB008D2836 /* Info.plist */ = {isa = PBXFileReference; lastKnownFileType = text.plist.xml; path = Info.plist; sourceTree = "<group>"; };
		CD2320B623AC79FB008D2836 /* ZHNNestedTableViewControllerUITests.xctest */ = {isa = PBXFileReference; explicitFileType = wrapper.cfbundle; includeInIndex = 0; path = ZHNNestedTableViewControllerUITests.xctest; sourceTree = BUILT_PRODUCTS_DIR; };
		CD2320BA23AC79FB008D2836 /* ZHNNestedTableViewControllerUITests.m */ = {isa = PBXFileReference; lastKnownFileType = sourcecode.c.objc; path = ZHNNestedTableViewControllerUITests.m; sourceTree = "<group>"; };
		CD2320BC23AC79FB008D2836 /* Info.plist */ = {isa = PBXFileReference; lastKnownFileType = text.plist.xml; path = Info.plist; sourceTree = "<group>"; };
		CD2320CB23ACAE83008D2836 /* ZHNNestedPageTableViewCell.h */ = {isa = PBXFileReference; lastKnownFileType = sourcecode.c.h; path = ZHNNestedPageTableViewCell.h; sourceTree = "<group>"; };
		CD2320CC23ACAE83008D2836 /* ZHNNestedPageTableViewCell.m */ = {isa = PBXFileReference; lastKnownFileType = sourcecode.c.objc; path = ZHNNestedPageTableViewCell.m; sourceTree = "<group>"; };
		CD246BCE23B0B998000F0296 /* ZHNNestedPageViewController.h */ = {isa = PBXFileReference; lastKnownFileType = sourcecode.c.h; path = ZHNNestedPageViewController.h; sourceTree = "<group>"; };
		CD246BCF23B0B998000F0296 /* ZHNNestedPageViewController.m */ = {isa = PBXFileReference; lastKnownFileType = sourcecode.c.objc; path = ZHNNestedPageViewController.m; sourceTree = "<group>"; };
		CD4368E923B0C2BC00334AB1 /* DemoTestTableViewCell.h */ = {isa = PBXFileReference; lastKnownFileType = sourcecode.c.h; path = DemoTestTableViewCell.h; sourceTree = "<group>"; };
		CD4368EA23B0C2BC00334AB1 /* DemoTestTableViewCell.m */ = {isa = PBXFileReference; lastKnownFileType = sourcecode.c.objc; path = DemoTestTableViewCell.m; sourceTree = "<group>"; };
		D68C35E32B25DB9F40C442AF /* libPods-ZHNNestedTableViewController.a */ = {isa = PBXFileReference; explicitFileType = archive.ar; includeInIndex = 0; path = "libPods-ZHNNestedTableViewController.a"; sourceTree = BUILT_PRODUCTS_DIR; };
		D91947D3BD89D956E47BA6FB /* Pods-ZHNNestedTableViewController.release.xcconfig */ = {isa = PBXFileReference; includeInIndex = 1; lastKnownFileType = text.xcconfig; name = "Pods-ZHNNestedTableViewController.release.xcconfig"; path = "Target Support Files/Pods-ZHNNestedTableViewController/Pods-ZHNNestedTableViewController.release.xcconfig"; sourceTree = "<group>"; };
/* End PBXFileReference section */

/* Begin PBXFrameworksBuildPhase section */
		CD23208D23AC79F7008D2836 /* Frameworks */ = {
			isa = PBXFrameworksBuildPhase;
			buildActionMask = 2147483647;
			files = (
				976C21AD9CB1C3D1BEA40916 /* libPods-ZHNNestedTableViewController.a in Frameworks */,
			);
			runOnlyForDeploymentPostprocessing = 0;
		};
		CD2320A823AC79FB008D2836 /* Frameworks */ = {
			isa = PBXFrameworksBuildPhase;
			buildActionMask = 2147483647;
			files = (
			);
			runOnlyForDeploymentPostprocessing = 0;
		};
		CD2320B323AC79FB008D2836 /* Frameworks */ = {
			isa = PBXFrameworksBuildPhase;
			buildActionMask = 2147483647;
			files = (
			);
			runOnlyForDeploymentPostprocessing = 0;
		};
/* End PBXFrameworksBuildPhase section */

/* Begin PBXGroup section */
		5C48BB77B03ED66DC25D2AC2 /* Frameworks */ = {
			isa = PBXGroup;
			children = (
				D68C35E32B25DB9F40C442AF /* libPods-ZHNNestedTableViewController.a */,
			);
			name = Frameworks;
			sourceTree = "<group>";
		};
		A800BC434DEB0A809B87AE23 /* Pods */ = {
			isa = PBXGroup;
			children = (
				6A3A2310129C744ACACAD2B0 /* Pods-ZHNNestedTableViewController.debug.xcconfig */,
				D91947D3BD89D956E47BA6FB /* Pods-ZHNNestedTableViewController.release.xcconfig */,
			);
			path = Pods;
			sourceTree = "<group>";
		};
		CD23208723AC79F7008D2836 = {
			isa = PBXGroup;
			children = (
				CD23209223AC79F7008D2836 /* ZHNNestedTableViewController */,
				CD2320AE23AC79FB008D2836 /* ZHNNestedTableViewControllerTests */,
				CD2320B923AC79FB008D2836 /* ZHNNestedTableViewControllerUITests */,
				CD23209123AC79F7008D2836 /* Products */,
				A800BC434DEB0A809B87AE23 /* Pods */,
				5C48BB77B03ED66DC25D2AC2 /* Frameworks */,
			);
			sourceTree = "<group>";
		};
		CD23209123AC79F7008D2836 /* Products */ = {
			isa = PBXGroup;
			children = (
				CD23209023AC79F7008D2836 /* ZHNNestedTableViewController.app */,
				CD2320AB23AC79FB008D2836 /* ZHNNestedTableViewControllerTests.xctest */,
				CD2320B623AC79FB008D2836 /* ZHNNestedTableViewControllerUITests.xctest */,
			);
			name = Products;
			sourceTree = "<group>";
		};
		CD23209223AC79F7008D2836 /* ZHNNestedTableViewController */ = {
			isa = PBXGroup;
			children = (
				CD23209323AC79F7008D2836 /* AppDelegate.h */,
				CD23209423AC79F7008D2836 /* AppDelegate.m */,
				CD23209623AC79F7008D2836 /* SceneDelegate.h */,
				CD23209723AC79F7008D2836 /* SceneDelegate.m */,
				CD23209923AC79F7008D2836 /* ViewController.h */,
				CD23209A23AC79F7008D2836 /* ViewController.m */,
				CD4368E923B0C2BC00334AB1 /* DemoTestTableViewCell.h */,
				CD4368EA23B0C2BC00334AB1 /* DemoTestTableViewCell.m */,
				CD4368EC23B0C5A600334AB1 /* ZHNNestedPageViewController */,
				CD23209C23AC79F8008D2836 /* Main.storyboard */,
				CD23209F23AC79FB008D2836 /* Assets.xcassets */,
				CD2320A123AC79FB008D2836 /* LaunchScreen.storyboard */,
				CD2320A423AC79FB008D2836 /* Info.plist */,
				CD2320A523AC79FB008D2836 /* main.m */,
			);
			path = ZHNNestedTableViewController;
			sourceTree = "<group>";
		};
		CD2320AE23AC79FB008D2836 /* ZHNNestedTableViewControllerTests */ = {
			isa = PBXGroup;
			children = (
				CD2320AF23AC79FB008D2836 /* ZHNNestedTableViewControllerTests.m */,
				CD2320B123AC79FB008D2836 /* Info.plist */,
			);
			path = ZHNNestedTableViewControllerTests;
			sourceTree = "<group>";
		};
		CD2320B923AC79FB008D2836 /* ZHNNestedTableViewControllerUITests */ = {
			isa = PBXGroup;
			children = (
				CD2320BA23AC79FB008D2836 /* ZHNNestedTableViewControllerUITests.m */,
				CD2320BC23AC79FB008D2836 /* Info.plist */,
			);
			path = ZHNNestedTableViewControllerUITests;
			sourceTree = "<group>";
		};
		CD4368EC23B0C5A600334AB1 /* ZHNNestedPageViewController */ = {
			isa = PBXGroup;
			children = (
				CD246BCE23B0B998000F0296 /* ZHNNestedPageViewController.h */,
				CD246BCF23B0B998000F0296 /* ZHNNestedPageViewController.m */,
				CD2320CB23ACAE83008D2836 /* ZHNNestedPageTableViewCell.h */,
				CD2320CC23ACAE83008D2836 /* ZHNNestedPageTableViewCell.m */,
			);
			path = ZHNNestedPageViewController;
			sourceTree = "<group>";
		};
/* End PBXGroup section */

/* Begin PBXNativeTarget section */
		CD23208F23AC79F7008D2836 /* ZHNNestedTableViewController */ = {
			isa = PBXNativeTarget;
			buildConfigurationList = CD2320BF23AC79FB008D2836 /* Build configuration list for PBXNativeTarget "ZHNNestedTableViewController" */;
			buildPhases = (
				DA5C7B2312195EFFA98BBD88 /* [CP] Check Pods Manifest.lock */,
				CD23208C23AC79F7008D2836 /* Sources */,
				CD23208D23AC79F7008D2836 /* Frameworks */,
				CD23208E23AC79F7008D2836 /* Resources */,
			);
			buildRules = (
			);
			dependencies = (
			);
			name = ZHNNestedTableViewController;
			productName = ZHNNestedTableViewController;
			productReference = CD23209023AC79F7008D2836 /* ZHNNestedTableViewController.app */;
			productType = "com.apple.product-type.application";
		};
		CD2320AA23AC79FB008D2836 /* ZHNNestedTableViewControllerTests */ = {
			isa = PBXNativeTarget;
			buildConfigurationList = CD2320C223AC79FB008D2836 /* Build configuration list for PBXNativeTarget "ZHNNestedTableViewControllerTests" */;
			buildPhases = (
				CD2320A723AC79FB008D2836 /* Sources */,
				CD2320A823AC79FB008D2836 /* Frameworks */,
				CD2320A923AC79FB008D2836 /* Resources */,
			);
			buildRules = (
			);
			dependencies = (
				CD2320AD23AC79FB008D2836 /* PBXTargetDependency */,
			);
			name = ZHNNestedTableViewControllerTests;
			productName = ZHNNestedTableViewControllerTests;
			productReference = CD2320AB23AC79FB008D2836 /* ZHNNestedTableViewControllerTests.xctest */;
			productType = "com.apple.product-type.bundle.unit-test";
		};
		CD2320B523AC79FB008D2836 /* ZHNNestedTableViewControllerUITests */ = {
			isa = PBXNativeTarget;
			buildConfigurationList = CD2320C523AC79FB008D2836 /* Build configuration list for PBXNativeTarget "ZHNNestedTableViewControllerUITests" */;
			buildPhases = (
				CD2320B223AC79FB008D2836 /* Sources */,
				CD2320B323AC79FB008D2836 /* Frameworks */,
				CD2320B423AC79FB008D2836 /* Resources */,
			);
			buildRules = (
			);
			dependencies = (
				CD2320B823AC79FB008D2836 /* PBXTargetDependency */,
			);
			name = ZHNNestedTableViewControllerUITests;
			productName = ZHNNestedTableViewControllerUITests;
			productReference = CD2320B623AC79FB008D2836 /* ZHNNestedTableViewControllerUITests.xctest */;
			productType = "com.apple.product-type.bundle.ui-testing";
		};
/* End PBXNativeTarget section */

/* Begin PBXProject section */
		CD23208823AC79F7008D2836 /* Project object */ = {
			isa = PBXProject;
			attributes = {
				LastUpgradeCheck = 1130;
				ORGANIZATIONNAME = zhn;
				TargetAttributes = {
					CD23208F23AC79F7008D2836 = {
						CreatedOnToolsVersion = 11.3;
					};
					CD2320AA23AC79FB008D2836 = {
						CreatedOnToolsVersion = 11.3;
						TestTargetID = CD23208F23AC79F7008D2836;
					};
					CD2320B523AC79FB008D2836 = {
						CreatedOnToolsVersion = 11.3;
						TestTargetID = CD23208F23AC79F7008D2836;
					};
				};
			};
			buildConfigurationList = CD23208B23AC79F7008D2836 /* Build configuration list for PBXProject "ZHNNestedTableViewController" */;
			compatibilityVersion = "Xcode 9.3";
			developmentRegion = en;
			hasScannedForEncodings = 0;
			knownRegions = (
				en,
				Base,
			);
			mainGroup = CD23208723AC79F7008D2836;
			productRefGroup = CD23209123AC79F7008D2836 /* Products */;
			projectDirPath = "";
			projectRoot = "";
			targets = (
				CD23208F23AC79F7008D2836 /* ZHNNestedTableViewController */,
				CD2320AA23AC79FB008D2836 /* ZHNNestedTableViewControllerTests */,
				CD2320B523AC79FB008D2836 /* ZHNNestedTableViewControllerUITests */,
			);
		};
/* End PBXProject section */

/* Begin PBXResourcesBuildPhase section */
		CD23208E23AC79F7008D2836 /* Resources */ = {
			isa = PBXResourcesBuildPhase;
			buildActionMask = 2147483647;
			files = (
				CD2320A323AC79FB008D2836 /* LaunchScreen.storyboard in Resources */,
				CD2320A023AC79FB008D2836 /* Assets.xcassets in Resources */,
				CD23209E23AC79F8008D2836 /* Main.storyboard in Resources */,
			);
			runOnlyForDeploymentPostprocessing = 0;
		};
		CD2320A923AC79FB008D2836 /* Resources */ = {
			isa = PBXResourcesBuildPhase;
			buildActionMask = 2147483647;
			files = (
			);
			runOnlyForDeploymentPostprocessing = 0;
		};
		CD2320B423AC79FB008D2836 /* Resources */ = {
			isa = PBXResourcesBuildPhase;
			buildActionMask = 2147483647;
			files = (
			);
			runOnlyForDeploymentPostprocessing = 0;
		};
/* End PBXResourcesBuildPhase section */

/* Begin PBXShellScriptBuildPhase section */
		DA5C7B2312195EFFA98BBD88 /* [CP] Check Pods Manifest.lock */ = {
			isa = PBXShellScriptBuildPhase;
			buildActionMask = 2147483647;
			files = (
			);
			inputFileListPaths = (
			);
			inputPaths = (
				"${PODS_PODFILE_DIR_PATH}/Podfile.lock",
				"${PODS_ROOT}/Manifest.lock",
			);
			name = "[CP] Check Pods Manifest.lock";
			outputFileListPaths = (
			);
			outputPaths = (
				"$(DERIVED_FILE_DIR)/Pods-ZHNNestedTableViewController-checkManifestLockResult.txt",
			);
			runOnlyForDeploymentPostprocessing = 0;
			shellPath = /bin/sh;
			shellScript = "diff \"${PODS_PODFILE_DIR_PATH}/Podfile.lock\" \"${PODS_ROOT}/Manifest.lock\" > /dev/null\nif [ $? != 0 ] ; then\n    # print error to STDERR\n    echo \"error: The sandbox is not in sync with the Podfile.lock. Run 'pod install' or update your CocoaPods installation.\" >&2\n    exit 1\nfi\n# This output is used by Xcode 'outputs' to avoid re-running this script phase.\necho \"SUCCESS\" > \"${SCRIPT_OUTPUT_FILE_0}\"\n";
			showEnvVarsInLog = 0;
		};
/* End PBXShellScriptBuildPhase section */

/* Begin PBXSourcesBuildPhase section */
		CD23208C23AC79F7008D2836 /* Sources */ = {
			isa = PBXSourcesBuildPhase;
			buildActionMask = 2147483647;
			files = (
				CD2320CD23ACAE83008D2836 /* ZHNNestedPageTableViewCell.m in Sources */,
				CD23209B23AC79F7008D2836 /* ViewController.m in Sources */,
				CD23209523AC79F7008D2836 /* AppDelegate.m in Sources */,
				CD4368EB23B0C2BC00334AB1 /* DemoTestTableViewCell.m in Sources */,
				CD2320A623AC79FB008D2836 /* main.m in Sources */,
				CD23209823AC79F7008D2836 /* SceneDelegate.m in Sources */,
				CD246BD023B0B998000F0296 /* ZHNNestedPageViewController.m in Sources */,
			);
			runOnlyForDeploymentPostprocessing = 0;
		};
		CD2320A723AC79FB008D2836 /* Sources */ = {
			isa = PBXSourcesBuildPhase;
			buildActionMask = 2147483647;
			files = (
				CD2320B023AC79FB008D2836 /* ZHNNestedTableViewControllerTests.m in Sources */,
			);
			runOnlyForDeploymentPostprocessing = 0;
		};
		CD2320B223AC79FB008D2836 /* Sources */ = {
			isa = PBXSourcesBuildPhase;
			buildActionMask = 2147483647;
			files = (
				CD2320BB23AC79FB008D2836 /* ZHNNestedTableViewControllerUITests.m in Sources */,
			);
			runOnlyForDeploymentPostprocessing = 0;
		};
/* End PBXSourcesBuildPhase section */

/* Begin PBXTargetDependency section */
		CD2320AD23AC79FB008D2836 /* PBXTargetDependency */ = {
			isa = PBXTargetDependency;
			target = CD23208F23AC79F7008D2836 /* ZHNNestedTableViewController */;
			targetProxy = CD2320AC23AC79FB008D2836 /* PBXContainerItemProxy */;
		};
		CD2320B823AC79FB008D2836 /* PBXTargetDependency */ = {
			isa = PBXTargetDependency;
			target = CD23208F23AC79F7008D2836 /* ZHNNestedTableViewController */;
			targetProxy = CD2320B723AC79FB008D2836 /* PBXContainerItemProxy */;
		};
/* End PBXTargetDependency section */

/* Begin PBXVariantGroup section */
		CD23209C23AC79F8008D2836 /* Main.storyboard */ = {
			isa = PBXVariantGroup;
			children = (
				CD23209D23AC79F8008D2836 /* Base */,
			);
			name = Main.storyboard;
			sourceTree = "<group>";
		};
		CD2320A123AC79FB008D2836 /* LaunchScreen.storyboard */ = {
			isa = PBXVariantGroup;
			children = (
				CD2320A223AC79FB008D2836 /* Base */,
			);
			name = LaunchScreen.storyboard;
			sourceTree = "<group>";
		};
/* End PBXVariantGroup section */

/* Begin XCBuildConfiguration section */
		CD2320BD23AC79FB008D2836 /* Debug */ = {
			isa = XCBuildConfiguration;
			buildSettings = {
				ALWAYS_SEARCH_USER_PATHS = NO;
				CLANG_ANALYZER_NONNULL = YES;
				CLANG_ANALYZER_NUMBER_OBJECT_CONVERSION = YES_AGGRESSIVE;
				CLANG_CXX_LANGUAGE_STANDARD = "gnu++14";
				CLANG_CXX_LIBRARY = "libc++";
				CLANG_ENABLE_MODULES = YES;
				CLANG_ENABLE_OBJC_ARC = YES;
				CLANG_ENABLE_OBJC_WEAK = YES;
				CLANG_WARN_BLOCK_CAPTURE_AUTORELEASING = YES;
				CLANG_WARN_BOOL_CONVERSION = YES;
				CLANG_WARN_COMMA = YES;
				CLANG_WARN_CONSTANT_CONVERSION = YES;
				CLANG_WARN_DEPRECATED_OBJC_IMPLEMENTATIONS = YES;
				CLANG_WARN_DIRECT_OBJC_ISA_USAGE = YES_ERROR;
				CLANG_WARN_DOCUMENTATION_COMMENTS = YES;
				CLANG_WARN_EMPTY_BODY = YES;
				CLANG_WARN_ENUM_CONVERSION = YES;
				CLANG_WARN_INFINITE_RECURSION = YES;
				CLANG_WARN_INT_CONVERSION = YES;
				CLANG_WARN_NON_LITERAL_NULL_CONVERSION = YES;
				CLANG_WARN_OBJC_IMPLICIT_RETAIN_SELF = YES;
				CLANG_WARN_OBJC_LITERAL_CONVERSION = YES;
				CLANG_WARN_OBJC_ROOT_CLASS = YES_ERROR;
				CLANG_WARN_RANGE_LOOP_ANALYSIS = YES;
				CLANG_WARN_STRICT_PROTOTYPES = YES;
				CLANG_WARN_SUSPICIOUS_MOVE = YES;
				CLANG_WARN_UNGUARDED_AVAILABILITY = YES_AGGRESSIVE;
				CLANG_WARN_UNREACHABLE_CODE = YES;
				CLANG_WARN__DUPLICATE_METHOD_MATCH = YES;
				COPY_PHASE_STRIP = NO;
				DEBUG_INFORMATION_FORMAT = dwarf;
				ENABLE_STRICT_OBJC_MSGSEND = YES;
				ENABLE_TESTABILITY = YES;
				GCC_C_LANGUAGE_STANDARD = gnu11;
				GCC_DYNAMIC_NO_PIC = NO;
				GCC_NO_COMMON_BLOCKS = YES;
				GCC_OPTIMIZATION_LEVEL = 0;
				GCC_PREPROCESSOR_DEFINITIONS = (
					"DEBUG=1",
					"$(inherited)",
				);
				GCC_WARN_64_TO_32_BIT_CONVERSION = YES;
				GCC_WARN_ABOUT_RETURN_TYPE = YES_ERROR;
				GCC_WARN_UNDECLARED_SELECTOR = YES;
				GCC_WARN_UNINITIALIZED_AUTOS = YES_AGGRESSIVE;
				GCC_WARN_UNUSED_FUNCTION = YES;
				GCC_WARN_UNUSED_VARIABLE = YES;
				IPHONEOS_DEPLOYMENT_TARGET = 13.2;
				MTL_ENABLE_DEBUG_INFO = INCLUDE_SOURCE;
				MTL_FAST_MATH = YES;
				ONLY_ACTIVE_ARCH = YES;
				SDKROOT = iphoneos;
			};
			name = Debug;
		};
		CD2320BE23AC79FB008D2836 /* Release */ = {
			isa = XCBuildConfiguration;
			buildSettings = {
				ALWAYS_SEARCH_USER_PATHS = NO;
				CLANG_ANALYZER_NONNULL = YES;
				CLANG_ANALYZER_NUMBER_OBJECT_CONVERSION = YES_AGGRESSIVE;
				CLANG_CXX_LANGUAGE_STANDARD = "gnu++14";
				CLANG_CXX_LIBRARY = "libc++";
				CLANG_ENABLE_MODULES = YES;
				CLANG_ENABLE_OBJC_ARC = YES;
				CLANG_ENABLE_OBJC_WEAK = YES;
				CLANG_WARN_BLOCK_CAPTURE_AUTORELEASING = YES;
				CLANG_WARN_BOOL_CONVERSION = YES;
				CLANG_WARN_COMMA = YES;
				CLANG_WARN_CONSTANT_CONVERSION = YES;
				CLANG_WARN_DEPRECATED_OBJC_IMPLEMENTATIONS = YES;
				CLANG_WARN_DIRECT_OBJC_ISA_USAGE = YES_ERROR;
				CLANG_WARN_DOCUMENTATION_COMMENTS = YES;
				CLANG_WARN_EMPTY_BODY = YES;
				CLANG_WARN_ENUM_CONVERSION = YES;
				CLANG_WARN_INFINITE_RECURSION = YES;
				CLANG_WARN_INT_CONVERSION = YES;
				CLANG_WARN_NON_LITERAL_NULL_CONVERSION = YES;
				CLANG_WARN_OBJC_IMPLICIT_RETAIN_SELF = YES;
				CLANG_WARN_OBJC_LITERAL_CONVERSION = YES;
				CLANG_WARN_OBJC_ROOT_CLASS = YES_ERROR;
				CLANG_WARN_RANGE_LOOP_ANALYSIS = YES;
				CLANG_WARN_STRICT_PROTOTYPES = YES;
				CLANG_WARN_SUSPICIOUS_MOVE = YES;
				CLANG_WARN_UNGUARDED_AVAILABILITY = YES_AGGRESSIVE;
				CLANG_WARN_UNREACHABLE_CODE = YES;
				CLANG_WARN__DUPLICATE_METHOD_MATCH = YES;
				COPY_PHASE_STRIP = NO;
				DEBUG_INFORMATION_FORMAT = "dwarf-with-dsym";
				ENABLE_NS_ASSERTIONS = NO;
				ENABLE_STRICT_OBJC_MSGSEND = YES;
				GCC_C_LANGUAGE_STANDARD = gnu11;
				GCC_NO_COMMON_BLOCKS = YES;
				GCC_WARN_64_TO_32_BIT_CONVERSION = YES;
				GCC_WARN_ABOUT_RETURN_TYPE = YES_ERROR;
				GCC_WARN_UNDECLARED_SELECTOR = YES;
				GCC_WARN_UNINITIALIZED_AUTOS = YES_AGGRESSIVE;
				GCC_WARN_UNUSED_FUNCTION = YES;
				GCC_WARN_UNUSED_VARIABLE = YES;
				IPHONEOS_DEPLOYMENT_TARGET = 13.2;
				MTL_ENABLE_DEBUG_INFO = NO;
				MTL_FAST_MATH = YES;
				SDKROOT = iphoneos;
				VALIDATE_PRODUCT = YES;
			};
			name = Release;
		};
		CD2320C023AC79FB008D2836 /* Debug */ = {
			isa = XCBuildConfiguration;
			baseConfigurationReference = 6A3A2310129C744ACACAD2B0 /* Pods-ZHNNestedTableViewController.debug.xcconfig */;
			buildSettings = {
				ASSETCATALOG_COMPILER_APPICON_NAME = AppIcon;
				CODE_SIGN_STYLE = Automatic;
				INFOPLIST_FILE = ZHNNestedTableViewController/Info.plist;
				LD_RUNPATH_SEARCH_PATHS = (
					"$(inherited)",
					"@executable_path/Frameworks",
				);
				PRODUCT_BUNDLE_IDENTIFIER = zhn.ZHNNestedTableViewController;
				PRODUCT_NAME = "$(TARGET_NAME)";
				TARGETED_DEVICE_FAMILY = "1,2";
			};
			name = Debug;
		};
		CD2320C123AC79FB008D2836 /* Release */ = {
			isa = XCBuildConfiguration;
			baseConfigurationReference = D91947D3BD89D956E47BA6FB /* Pods-ZHNNestedTableViewController.release.xcconfig */;
			buildSettings = {
				ASSETCATALOG_COMPILER_APPICON_NAME = AppIcon;
				CODE_SIGN_STYLE = Automatic;
				INFOPLIST_FILE = ZHNNestedTableViewController/Info.plist;
				LD_RUNPATH_SEARCH_PATHS = (
					"$(inherited)",
					"@executable_path/Frameworks",
				);
				PRODUCT_BUNDLE_IDENTIFIER = zhn.ZHNNestedTableViewController;
				PRODUCT_NAME = "$(TARGET_NAME)";
				TARGETED_DEVICE_FAMILY = "1,2";
			};
			name = Release;
		};
		CD2320C323AC79FB008D2836 /* Debug */ = {
			isa = XCBuildConfiguration;
			buildSettings = {
				BUNDLE_LOADER = "$(TEST_HOST)";
				CODE_SIGN_STYLE = Automatic;
				INFOPLIST_FILE = ZHNNestedTableViewControllerTests/Info.plist;
				IPHONEOS_DEPLOYMENT_TARGET = 13.2;
				LD_RUNPATH_SEARCH_PATHS = (
					"$(inherited)",
					"@executable_path/Frameworks",
					"@loader_path/Frameworks",
				);
				PRODUCT_BUNDLE_IDENTIFIER = zhn.ZHNNestedTableViewControllerTests;
				PRODUCT_NAME = "$(TARGET_NAME)";
				TARGETED_DEVICE_FAMILY = "1,2";
				TEST_HOST = "$(BUILT_PRODUCTS_DIR)/ZHNNestedTableViewController.app/ZHNNestedTableViewController";
			};
			name = Debug;
		};
		CD2320C423AC79FB008D2836 /* Release */ = {
			isa = XCBuildConfiguration;
			buildSettings = {
				BUNDLE_LOADER = "$(TEST_HOST)";
				CODE_SIGN_STYLE = Automatic;
				INFOPLIST_FILE = ZHNNestedTableViewControllerTests/Info.plist;
				IPHONEOS_DEPLOYMENT_TARGET = 13.2;
				LD_RUNPATH_SEARCH_PATHS = (
					"$(inherited)",
					"@executable_path/Frameworks",
					"@loader_path/Frameworks",
				);
				PRODUCT_BUNDLE_IDENTIFIER = zhn.ZHNNestedTableViewControllerTests;
				PRODUCT_NAME = "$(TARGET_NAME)";
				TARGETED_DEVICE_FAMILY = "1,2";
				TEST_HOST = "$(BUILT_PRODUCTS_DIR)/ZHNNestedTableViewController.app/ZHNNestedTableViewController";
			};
			name = Release;
		};
		CD2320C623AC79FB008D2836 /* Debug */ = {
			isa = XCBuildConfiguration;
			buildSettings = {
				CODE_SIGN_STYLE = Automatic;
				INFOPLIST_FILE = ZHNNestedTableViewControllerUITests/Info.plist;
				LD_RUNPATH_SEARCH_PATHS = (
					"$(inherited)",
					"@executable_path/Frameworks",
					"@loader_path/Frameworks",
				);
				PRODUCT_BUNDLE_IDENTIFIER = zhn.ZHNNestedTableViewControllerUITests;
				PRODUCT_NAME = "$(TARGET_NAME)";
				TARGETED_DEVICE_FAMILY = "1,2";
				TEST_TARGET_NAME = ZHNNestedTableViewController;
			};
			name = Debug;
		};
		CD2320C723AC79FB008D2836 /* Release */ = {
			isa = XCBuildConfiguration;
			buildSettings = {
				CODE_SIGN_STYLE = Automatic;
				INFOPLIST_FILE = ZHNNestedTableViewControllerUITests/Info.plist;
				LD_RUNPATH_SEARCH_PATHS = (
					"$(inherited)",
					"@executable_path/Frameworks",
					"@loader_path/Frameworks",
				);
				PRODUCT_BUNDLE_IDENTIFIER = zhn.ZHNNestedTableViewControllerUITests;
				PRODUCT_NAME = "$(TARGET_NAME)";
				TARGETED_DEVICE_FAMILY = "1,2";
				TEST_TARGET_NAME = ZHNNestedTableViewController;
			};
			name = Release;
		};
/* End XCBuildConfiguration section */

/* Begin XCConfigurationList section */
		CD23208B23AC79F7008D2836 /* Build configuration list for PBXProject "ZHNNestedTableViewController" */ = {
			isa = XCConfigurationList;
			buildConfigurations = (
				CD2320BD23AC79FB008D2836 /* Debug */,
				CD2320BE23AC79FB008D2836 /* Release */,
			);
			defaultConfigurationIsVisible = 0;
			defaultConfigurationName = Release;
		};
		CD2320BF23AC79FB008D2836 /* Build configuration list for PBXNativeTarget "ZHNNestedTableViewController" */ = {
			isa = XCConfigurationList;
			buildConfigurations = (
				CD2320C023AC79FB008D2836 /* Debug */,
				CD2320C123AC79FB008D2836 /* Release */,
			);
			defaultConfigurationIsVisible = 0;
			defaultConfigurationName = Release;
		};
		CD2320C223AC79FB008D2836 /* Build configuration list for PBXNativeTarget "ZHNNestedTableViewControllerTests" */ = {
			isa = XCConfigurationList;
			buildConfigurations = (
				CD2320C323AC79FB008D2836 /* Debug */,
				CD2320C423AC79FB008D2836 /* Release */,
			);
			defaultConfigurationIsVisible = 0;
			defaultConfigurationName = Release;
		};
		CD2320C523AC79FB008D2836 /* Build configuration list for PBXNativeTarget "ZHNNestedTableViewControllerUITests" */ = {
			isa = XCConfigurationList;
			buildConfigurations = (
				CD2320C623AC79FB008D2836 /* Debug */,
				CD2320C723AC79FB008D2836 /* Release */,
			);
			defaultConfigurationIsVisible = 0;
			defaultConfigurationName = Release;
		};
/* End XCConfigurationList section */
	};
	rootObject = CD23208823AC79F7008D2836 /* Project object */;
}
